
Microsoft Visual Studio Solution File, Format Version 12.00
# Visual Studio Version 17
VisualStudioVersion = 17.0.31903.59
MinimumVisualStudioVersion = 10.0.40219.1
Project("{FAE04EC0-301F-11D3-BF4B-00C04F79EFBC}") = "SobaRL.Core", "SobaRL.Core\SobaRL.Core.csproj", "{50597D77-5135-4BBB-BCAA-02EFAB908B8C}"
EndProject
Project("{FAE04EC0-301F-11D3-BF4B-00C04F79EFBC}") = "SobaRL.Game", "SobaRL.Game\SobaRL.Game.csproj", "{A60D0262-FCC8-4748-90CE-05CF4BE5C532}"
EndProject
Global
	GlobalSection(SolutionConfigurationPlatforms) = preSolution
		Debug|Any CPU = Debug|Any CPU
		Debug|x64 = Debug|x64
		Debug|x86 = Debug|x86
		Release|Any CPU = Release|Any CPU
		Release|x64 = Release|x64
		Release|x86 = Release|x86
	EndGlobalSection
	GlobalSection(ProjectConfigurationPlatforms) = postSolution
		{50597D77-5135-4BBB-BCAA-02EFAB908B8C}.Debug|Any CPU.ActiveCfg = Debug|Any CPU
		{50597D77-5135-4BBB-BCAA-02EFAB908B8C}.Debug|Any CPU.Build.0 = Debug|Any CPU
		{50597D77-5135-4BBB-BCAA-02EFAB908B8C}.Debug|x64.ActiveCfg = Debug|Any CPU
		{50597D77-5135-4BBB-BCAA-02EFAB908B8C}.Debug|x64.Build.0 = Debug|Any CPU
		{50597D77-5135-4BBB-BCAA-02EFAB908B8C}.Debug|x86.ActiveCfg = Debug|Any CPU
		{50597D77-5135-4BBB-BCAA-02EFAB908B8C}.Debug|x86.Build.0 = Debug|Any CPU
		{50597D77-5135-4BBB-BCAA-02EFAB908B8C}.Release|Any CPU.ActiveCfg = Release|Any CPU
		{50597D77-5135-4BBB-BCAA-02EFAB908B8C}.Release|Any CPU.Build.0 = Release|Any CPU
		{50597D77-5135-4BBB-BCAA-02EFAB908B8C}.Release|x64.ActiveCfg = Release|Any CPU
		{50597D77-5135-4BBB-BCAA-02EFAB908B8C}.Release|x64.Build.0 = Release|Any CPU
		{50597D77-5135-4BBB-BCAA-02EFAB908B8C}.Release|x86.ActiveCfg = Release|Any CPU
		{50597D77-5135-4BBB-BCAA-02EFAB908B8C}.Release|x86.Build.0 = Release|Any CPU
		{A60D0262-FCC8-4748-90CE-05CF4BE5C532}.Debug|Any CPU.ActiveCfg = Debug|Any CPU
		{A60D0262-FCC8-4748-90CE-05CF4BE5C532}.Debug|Any CPU.Build.0 = Debug|Any CPU
		{A60D0262-FCC8-4748-90CE-05CF4BE5C532}.Debug|x64.ActiveCfg = Debug|Any CPU
		{A60D0262-FCC8-4748-90CE-05CF4BE5C532}.Debug|x64.Build.0 = Debug|Any CPU
		{A60D0262-FCC8-4748-90CE-05CF4BE5C532}.Debug|x86.ActiveCfg = Debug|Any CPU
		{A60D0262-FCC8-4748-90CE-05CF4BE5C532}.Debug|x86.Build.0 = Debug|Any CPU
		{A60D0262-FCC8-4748-90CE-05CF4BE5C532}.Release|Any CPU.ActiveCfg = Release|Any CPU
		{A60D0262-FCC8-4748-90CE-05CF4BE5C532}.Release|Any CPU.Build.0 = Release|Any CPU
		{A60D0262-FCC8-4748-90CE-05CF4BE5C532}.Release|x64.ActiveCfg = Release|Any CPU
		{A60D0262-FCC8-4748-90CE-05CF4BE5C532}.Release|x64.Build.0 = Release|Any CPU
		{A60D0262-FCC8-4748-90CE-05CF4BE5C532}.Release|x86.ActiveCfg = Release|Any CPU
		{A60D0262-FCC8-4748-90CE-05CF4BE5C532}.Release|x86.Build.0 = Release|Any CPU
	EndGlobalSection
	GlobalSection(SolutionProperties) = preSolution
		HideSolutionNode = FALSE
	EndGlobalSection
EndGlobal
